
Microsoft Visual Studio Solution File, Format Version 12.00
# Visual Studio Version 16
VisualStudioVersion = 16.0.31702.278
MinimumVisualStudioVersion = 10.0.40219.1
Project("{9A19103F-16F7-4668-BE54-9A1E7A4F7556}") = "ProductCatalogApi", "ProductCatalogApi.csproj", "{1E3156C0-081C-42C0-8258-612416D26086}"
EndProject
Project("{FAE04EC0-301F-11D3-BF4B-00C04F79EFBC}") = "ProductCatalogTests", "..\ProductCatalogTests\ProductCatalogTests.csproj", "{4A2DCEDA-1094-4BC0-B069-E85C1AEA836B}"
EndProject
Global
	GlobalSection(SolutionConfigurationPlatforms) = preSolution
		Debug|Any CPU = Debug|Any CPU
		Release|Any CPU = Release|Any CPU
	EndGlobalSection
	GlobalSection(ProjectConfigurationPlatforms) = postSolution
		{1E3156C0-081C-42C0-8258-612416D26086}.Debug|Any CPU.ActiveCfg = Debug|Any CPU
		{1E3156C0-081C-42C0-8258-612416D26086}.Debug|Any CPU.Build.0 = Debug|Any CPU
		{1E3156C0-081C-42C0-8258-612416D26086}.Release|Any CPU.ActiveCfg = Release|Any CPU
		{1E3156C0-081C-42C0-8258-612416D26086}.Release|Any CPU.Build.0 = Release|Any CPU
		{4A2DCEDA-1094-4BC0-B069-E85C1AEA836B}.Debug|Any CPU.ActiveCfg = Debug|Any CPU
		{4A2DCEDA-1094-4BC0-B069-E85C1AEA836B}.Debug|Any CPU.Build.0 = Debug|Any CPU
		{4A2DCEDA-1094-4BC0-B069-E85C1AEA836B}.Release|Any CPU.ActiveCfg = Release|Any CPU
		{4A2DCEDA-1094-4BC0-B069-E85C1AEA836B}.Release|Any CPU.Build.0 = Release|Any CPU
	EndGlobalSection
	GlobalSection(SolutionProperties) = preSolution
		HideSolutionNode = FALSE
	EndGlobalSection
	GlobalSection(ExtensibilityGlobals) = postSolution
		SolutionGuid = {21F5638E-CAFC-4ECB-B173-6D70ADF6B670}
	EndGlobalSection
EndGlobal
